
Microsoft Visual Studio Solution File, Format Version 12.00
# Visual Studio 2013
VisualStudioVersion = 12.0.30723.0
MinimumVisualStudioVersion = 10.0.40219.1
Project("{FAE04EC0-301F-11D3-BF4B-00C04F79EFBC}") = "NPlant.Web", "Src\NPlant.Web\NPlant.Web.csproj", "{F7E5AC10-CA97-464E-8763-6BA67F2A1450}"
EndProject
Project("{2150E333-8FDC-42A3-9474-1A3956D46DE8}") = ".nuget", ".nuget", "{3186FD1A-5785-4F0D-A447-FC55B2A689AB}"
	ProjectSection(SolutionItems) = preProject
		.nuget\NuGet.Config = .nuget\NuGet.Config
		.nuget\NuGet.exe = .nuget\NuGet.exe
		.nuget\NuGet.targets = .nuget\NuGet.targets
	EndProjectSection
EndProject
Project("{FAE04EC0-301F-11D3-BF4B-00C04F79EFBC}") = "NPlant.Web.Test", "Src\NPlant.Web.Test\NPlant.Web.Test.csproj", "{CB58C5E4-E891-4CE5-A7B2-795E69B5D7CB}"
EndProject
Project("{FAE04EC0-301F-11D3-BF4B-00C04F79EFBC}") = "NPlant.Web.ManifestGen", "Src\NPlant.Web.ManifestGen\NPlant.Web.ManifestGen.csproj", "{19529E03-97F6-40FC-9893-E798EFC7314A}"
EndProject
Global
	GlobalSection(SolutionConfigurationPlatforms) = preSolution
		Debug|Any CPU = Debug|Any CPU
		Release|Any CPU = Release|Any CPU
	EndGlobalSection
	GlobalSection(ProjectConfigurationPlatforms) = postSolution
		{F7E5AC10-CA97-464E-8763-6BA67F2A1450}.Debug|Any CPU.ActiveCfg = Debug|Any CPU
		{F7E5AC10-CA97-464E-8763-6BA67F2A1450}.Debug|Any CPU.Build.0 = Debug|Any CPU
		{F7E5AC10-CA97-464E-8763-6BA67F2A1450}.Release|Any CPU.ActiveCfg = Release|Any CPU
		{F7E5AC10-CA97-464E-8763-6BA67F2A1450}.Release|Any CPU.Build.0 = Release|Any CPU
		{CB58C5E4-E891-4CE5-A7B2-795E69B5D7CB}.Debug|Any CPU.ActiveCfg = Debug|Any CPU
		{CB58C5E4-E891-4CE5-A7B2-795E69B5D7CB}.Debug|Any CPU.Build.0 = Debug|Any CPU
		{CB58C5E4-E891-4CE5-A7B2-795E69B5D7CB}.Release|Any CPU.ActiveCfg = Release|Any CPU
		{CB58C5E4-E891-4CE5-A7B2-795E69B5D7CB}.Release|Any CPU.Build.0 = Release|Any CPU
		{19529E03-97F6-40FC-9893-E798EFC7314A}.Debug|Any CPU.ActiveCfg = Debug|Any CPU
		{19529E03-97F6-40FC-9893-E798EFC7314A}.Debug|Any CPU.Build.0 = Debug|Any CPU
		{19529E03-97F6-40FC-9893-E798EFC7314A}.Release|Any CPU.ActiveCfg = Release|Any CPU
		{19529E03-97F6-40FC-9893-E798EFC7314A}.Release|Any CPU.Build.0 = Release|Any CPU
	EndGlobalSection
	GlobalSection(SolutionProperties) = preSolution
		HideSolutionNode = FALSE
	EndGlobalSection
EndGlobal
